lockfileVersion: '9.0'

settings:
  autoInstallPeers: true
  excludeLinksFromLockfile: false

importers:

  .:
    devDependencies:
      supabase:
        specifier: ^2.105.0
        version: 2.105.0
      turbo:
        specifier: ^2.1.0
        version: 2.9.16

  packages/shared:
    dependencies:
      zod:
        specifier: ^3.23.0
        version: 3.25.76

  packages/supabase:
    dependencies:
      '@supabase/supabase-js':
        specifier: ^2.45.0
        version: 2.108.0

packages:

  '@supabase/auth-js@2.108.0':
    resolution: {integrity: sha512-0CzVGVqHfNOhRQVEcAmu58Mex2Ce0zL3aGfyV+iFQjTK6OntLK/hLCLr/VDRX0E8/2CdsiY99L7fZ/8ys/op4w==}
    engines: {node: '>=20.0.0'}

  '@supabase/cli-darwin-arm64@2.105.0':
    resolution: {integrity: sha512-ptlLrggNCq7dndvY7ce0MIvCZRnAYXeyKC0H7c4DqQmCbOPZgSwD5a4E3RPrZS6TLeJPG7XhpuJarAU5PTf/9w==}
    cpu: [arm64]
    os: [darwin]

  '@supabase/cli-darwin-x64@2.105.0':
    resolution: {integrity: sha512-kJDYyy3UkXd4hDzo+duOzUk8yDqLEit8d/clBCiXNQFSJf96QCnG2iyrzT4dCDUk8UB3+g9xL1mH2EEuPHj7oA==}
    cpu: [x64]
    os: [darwin]

  '@supabase/cli-linux-arm64-musl@2.105.0':
    resolution: {integrity: sha512-45vxbXRwe/JUAjyvQ8oKO2o44IK3GunlVqeIWGzcDgaeMg5XO4x0i9+NGPvOvvhyMB4bgJ3cMxh/ovl1AM0GZA==}
    cpu: [arm64]
    os: [linux]

  '@supabase/cli-linux-arm64@2.105.0':
    resolution: {integrity: sha512-cdHgfIFElYkAjrp0aJPlQPTqQ9doSxB4qRswlGNsSYaLlK5Ns78rXsB7G71RRnyrzb41C183osRhVENWVrnK/w==}
    cpu: [arm64]
    os: [linux]

  '@supabase/cli-linux-x64-musl@2.105.0':
    resolution: {integrity: sha512-VnHn1NPn9Ov81BXFOx6FpHxbBT5e3ObaUxO7DR+LDGjh2wfMUj4E6Y863w+r0HJk0hi0mRH7u0U0dOrbBp4E+w==}
    cpu: [x64]
    os: [linux]

  '@supabase/cli-linux-x64@2.105.0':
    resolution: {integrity: sha512-rj1iU0h4EJaanx72eJtipiXczAY3gug9qxo62MYUZg2X1aaegFtyMS83fmjC7YlduW2Cu+zvgWoyTlA6R5Ndzg==}
    cpu: [x64]
    os: [linux]

  '@supabase/cli-windows-arm64@2.105.0':
    resolution: {integrity: sha512-b5xQ5dVkARZTBiSwLpPbwffRHvVDcO3ZvAtzz54J44KQdLD0TSrgoXZJBrI4Y3ggmG70EiITKPL8+rT6ptjXsQ==}
    cpu: [arm64]
    os: [win32]

  '@supabase/cli-windows-x64@2.105.0':
    resolution: {integrity: sha512-QmfqDQJ58ba/9+vzM8HJQsa/rY6OdtaaaAmPKwCMd8JUQ7758p8sydYe1vXTb4CCPdvk9qW2d/Dh54ucH4SPwg==}
    cpu: [x64]
    os: [win32]

  '@supabase/functions-js@2.108.0':
    resolution: {integrity: sha512-lqEGDzT7QBUuKYzi5lHpV/XecXT9wikzcbXMbFo6krNpSDynD1sHM8wcsfB/BAqa4NkFuy3vF4JCV8MeakV8IQ==}
    engines: {node: '>=20.0.0'}

  '@supabase/phoenix@0.4.2':
    resolution: {integrity: sha512-YSAGnmDAfuleFCVt3CeurQZAhxRfXWeZIIkwp7NhYzQ1UwW6ePSnzsFAiUm/mbCkfoCf70QQHKW/K6RKh52a4A==}

  '@supabase/postgrest-js@2.108.0':
    resolution: {integrity: sha512-8AwTkPqowDYv/qh016CyXeZ3Ukpw6NHyfqc7DWV4afLR2hAiapf3zRKV2ZLG+//T1LK84HrR6X8VBwfgHWmNyw==}
    engines: {node: '>=20.0.0'}

  '@supabase/realtime-js@2.108.0':
    resolution: {integrity: sha512-N3xR0u7TNr+c5wuLSU60rcfu/H/8N0WBs7iHWwjI/NxKwY3XWSyLUbpbpU8bzmL0dA/Gk9Mupri8mxKUXBW+iw==}
    engines: {node: '>=20.0.0'}

  '@supabase/storage-js@2.108.0':
    resolution: {integrity: sha512-zMYQmh87CId7d8i/1FIfv4fMDcXPutmIJSpoY58GLXi7M266MNzxWGNabDk4i555Oj1Nqtsu2i3Qo3rpWUXO6A==}
    engines: {node: '>=20.0.0'}

  '@supabase/supabase-js@2.108.0':
    resolution: {integrity: sha512-AjPoimM9MZLZbddnlDBGmpZ/Tas1dNcJvuZy/VD1AfmrjBC8J2RSw6UOqR4ISLLlEioOLca/5t1crFnAxa0wRQ==}
    engines: {node: '>=20.0.0'}

  '@turbo/darwin-64@2.9.16':
    resolution: {integrity: sha512-jLjApWTSNd7JZ5JaLYfelW1ytnGQOvB7ivl+2RD1xQvJTbi8I9gBjzcga7tDZVPyaxpl10YTfJt3BrYXR18KDw==}
    cpu: [x64]
    os: [darwin]

  '@turbo/darwin-arm64@2.9.16':
    resolution: {integrity: sha512-YPgrn+5HIGzrx0O2a631SV4MBQUe4W/DafMFUuBVgaU32PW9/OTT0ehviF0QSxTXuRJlHvW2eUTemddF5/spmw==}
    cpu: [arm64]
    os: [darwin]

  '@turbo/linux-64@2.9.16':
    resolution: {integrity: sha512-vAEf1H6l26lTpl9FJ/peQo1NUB8RC0sbEJJz5mPcUhHA2bPDup2x3CZPgo/bH8S4cUcBLm4FN3UHd5iUO2RAew==}
    cpu: [x64]
    os: [linux]

  '@turbo/linux-arm64@2.9.16':
    resolution: {integrity: sha512-xDBLR2PZg4BrQOchfG6svgpv5FCNJ2TOtT2psLdEJcdKo1BH+pnPs9Xj6pvUjgfkHbuvBOfeE4R6tvxMoQKDHQ==}
    cpu: [arm64]
    os: [linux]

  '@turbo/windows-64@2.9.16':
    resolution: {integrity: sha512-NBAJnaUiGdgkSzQwUIdOvkCkcpTSu58G/sBGa0mvBtzfvFOOgrQwepKOOQ8cp6sWM6OcKDNFj2p1dsZA1OWjPg==}
    cpu: [x64]
    os: [win32]

  '@turbo/windows-arm64@2.9.16':
    resolution: {integrity: sha512-Y7SJppD0Z8wjO3Ec0ZGd9KQ4Yv0BMnA8CIowj5Vp+OEVsosXDG2weK6/t1RRLfJmc2Ozrnd6y4DOgQys+mn3WQ==}
    cpu: [arm64]
    os: [win32]

  iceberg-js@0.8.1:
    resolution: {integrity: sha512-1dhVQZXhcHje7798IVM+xoo/1ZdVfzOMIc8/rgVSijRK38EDqOJoGula9N/8ZI5RD8QTxNQtK/Gozpr+qUqRRA==}
    engines: {node: '>=20.0.0'}

  supabase@2.105.0:
    resolution: {integrity: sha512-UB2aFLYAVujTQsZ9l+aCbDfLNaZApZucByRNP/1j0L1pXXzFhSgEyZSrvHSUO5LIvOb09AGHWishL/usVTuHTg==}
    hasBin: true

  tslib@2.8.1:
    resolution: {integrity: sha512-oJFu94HQb+KVduSUQL7wnpmqnfmLsOA/nAh6b6EH0wCEoK0/mPeXU6c3wKDV83MkOuHPRHtSXKKU99IBazS/2w==}

  turbo@2.9.16:
    resolution: {integrity: sha512-NqgRQy6j6dPYcdSdv0q1g9QsZg7SWg87RERM8otw/1AtKU2yTFVClOM7cbwKzOonZr/Ek1blTBucw64L9H0Bwg==}
    hasBin: true

  zod@3.25.76:
    resolution: {integrity: sha512-gzUt/qt81nXsFGKIFcC3YnfEAx5NkunCfnDlvuBSSFS02bcXu4Lmea0AFIUwbLWxWPx3d9p8S5QoaujKcNQxcQ==}

snapshots:

  '@supabase/auth-js@2.108.0':
    dependencies:
      tslib: 2.8.1

  '@supabase/cli-darwin-arm64@2.105.0':
    optional: true

  '@supabase/cli-darwin-x64@2.105.0':
    optional: true

  '@supabase/cli-linux-arm64-musl@2.105.0':
    optional: true

  '@supabase/cli-linux-arm64@2.105.0':
    optional: true

  '@supabase/cli-linux-x64-musl@2.105.0':
    optional: true

  '@supabase/cli-linux-x64@2.105.0':
    optional: true

  '@supabase/cli-windows-arm64@2.105.0':
    optional: true

  '@supabase/cli-windows-x64@2.105.0':
    optional: true

  '@supabase/functions-js@2.108.0':
    dependencies:
      tslib: 2.8.1

  '@supabase/phoenix@0.4.2': {}

  '@supabase/postgrest-js@2.108.0':
    dependencies:
      tslib: 2.8.1

  '@supabase/realtime-js@2.108.0':
    dependencies:
      '@supabase/phoenix': 0.4.2
      tslib: 2.8.1

  '@supabase/storage-js@2.108.0':
    dependencies:
      iceberg-js: 0.8.1
      tslib: 2.8.1

  '@supabase/supabase-js@2.108.0':
    dependencies:
      '@supabase/auth-js': 2.108.0
      '@supabase/functions-js': 2.108.0
      '@supabase/postgrest-js': 2.108.0
      '@supabase/realtime-js': 2.108.0
      '@supabase/storage-js': 2.108.0

  '@turbo/darwin-64@2.9.16':
    optional: true

  '@turbo/darwin-arm64@2.9.16':
    optional: true

  '@turbo/linux-64@2.9.16':
    optional: true

  '@turbo/linux-arm64@2.9.16':
    optional: true

  '@turbo/windows-64@2.9.16':
    optional: true

  '@turbo/windows-arm64@2.9.16':
    optional: true

  iceberg-js@0.8.1: {}

  supabase@2.105.0:
    optionalDependencies:
      '@supabase/cli-darwin-arm64': 2.105.0
      '@supabase/cli-darwin-x64': 2.105.0
      '@supabase/cli-linux-arm64': 2.105.0
      '@supabase/cli-linux-arm64-musl': 2.105.0
      '@supabase/cli-linux-x64': 2.105.0
      '@supabase/cli-linux-x64-musl': 2.105.0
      '@supabase/cli-windows-arm64': 2.105.0
      '@supabase/cli-windows-x64': 2.105.0

  tslib@2.8.1: {}

  turbo@2.9.16:
    optionalDependencies:
      '@turbo/darwin-64': 2.9.16
      '@turbo/darwin-arm64': 2.9.16
      '@turbo/linux-64': 2.9.16
      '@turbo/linux-arm64': 2.9.16
      '@turbo/windows-64': 2.9.16
      '@turbo/windows-arm64': 2.9.16

  zod@3.25.76: {}
